
Microsoft Visual Studio Solution File, Format Version 12.00
# Visual Studio Version 17
VisualStudioVersion = 17.14.36518.9 d17.14
MinimumVisualStudioVersion = 10.0.40219.1
Project("{FAE04EC0-301F-11D3-BF4B-00C04F79EFBC}") = "Ejercicio #3 LINQ", "Ejercicio #3 LINQ.csproj", "{68EE0A5D-EC25-47C3-84A9-CECDE7C2437A}"
EndProject
Global
	GlobalSection(SolutionConfigurationPlatforms) = preSolution
		Debug|Any CPU = Debug|Any CPU
		Release|Any CPU = Release|Any CPU
	EndGlobalSection
	GlobalSection(ProjectConfigurationPlatforms) = postSolution
		{68EE0A5D-EC25-47C3-84A9-CECDE7C2437A}.Debug|Any CPU.ActiveCfg = Debug|Any CPU
		{68EE0A5D-EC25-47C3-84A9-CECDE7C2437A}.Debug|Any CPU.Build.0 = Debug|Any CPU
		{68EE0A5D-EC25-47C3-84A9-CECDE7C2437A}.Release|Any CPU.ActiveCfg = Release|Any CPU
		{68EE0A5D-EC25-47C3-84A9-CECDE7C2437A}.Release|Any CPU.Build.0 = Release|Any CPU
	EndGlobalSection
	GlobalSection(SolutionProperties) = preSolution
		HideSolutionNode = FALSE
	EndGlobalSection
	GlobalSection(ExtensibilityGlobals) = postSolution
		SolutionGuid = {BE65B5A3-17DE-434F-A3C3-B3A19E3FA88C}
	EndGlobalSection
EndGlobal
